absl-py==2.3.1
aiofiles==25.1.0
aiohappyeyeballs==2.6.1
aiohttp==3.9.1
aiohttp-retry==2.9.1
aiolimiter==1.2.1
aiosignal==1.4.0
aiosqlite==0.19.0
albucore==0.0.24
albumentations==2.0.8
altair==6.0.0
anaconda-anon-usage @ file:///home/task_176160626771849/conda-bld/anaconda-anon-usage_1761606317374/work
anaconda-auth @ file:///opt/miniconda3/conda-bld/anaconda-cloud-auth-split_1759943045113/work
anaconda-cli-base @ file:///opt/miniconda3/conda-bld/anaconda-cli-base_1762294806728/work
annotated-types @ file:///opt/miniconda3/conda-bld/annotated-types_1761744949290/work
anyio @ file:///opt/miniconda3/conda-bld/anyio_1758623422202/work
appdirs==1.4.4
appnope @ file:///private/var/folders/k1/30mswbxs7r1g6zwn8y4fyt500000gp/T/abs_46iquy4y0r/croot/appnope_1750774774351/work
APScheduler==3.11.2
archspec @ file:///home/task_175812491784513/conda-bld/archspec_1758124989039/work
argon2-cffi @ file:///opt/conda/conda-bld/argon2-cffi_1645000214183/work
argon2-cffi-bindings @ file:///opt/miniconda3/conda-bld/argon2-cffi-bindings_1757924854525/work
asttokens @ file:///private/var/folders/nz/j6p8yfhx1mv_0grj5xl4650h0000gp/T/abs_11i8cnwuxs/croot/asttokens_1743630449718/work
astunparse==1.6.3
async-lru==2.0.4
attrs @ file:///opt/miniconda3/conda-bld/attrs_1762356931094/work
babel @ file:///private/var/folders/k1/30mswbxs7r1g6zwn8y4fyt500000gp/T/abs_ed2j11k3aq/croot/babel_1737454371799/work
backrefs==6.1
backtrader==1.9.78.123
beautifulsoup4 @ file:///private/var/folders/k1/30mswbxs7r1g6zwn8y4fyt500000gp/T/abs_4910wm3bdc/croot/beautifulsoup4-split_1756453097265/work
bleach @ file:///Users/builder/cbouss/buildout/croot/bleach_1732921502063/work
blinker==1.9.0
boltons @ file:///private/var/folders/k1/30mswbxs7r1g6zwn8y4fyt500000gp/T/abs_97h34kncb9/croot/boltons_1751383736162/work
boolean.py==5.0
Bottleneck @ file:///opt/miniconda3/conda-bld/bottleneck_1761937852211/work
brotlicffi @ file:///opt/miniconda3/conda-bld/brotlicffi_1761745164052/work
bs4==0.0.2
build==1.4.0
CacheControl==0.14.4
cachetools==5.5.2
certifi @ file:///opt/miniconda3/conda-bld/certifi_1763135329285/work/certifi
cffi @ file:///opt/miniconda3/conda-bld/cffi_1761832773185/work
cfgv==3.5.0
charset-normalizer @ file:///opt/miniconda3/conda-bld/charset-normalizer_1761744840553/work
click @ file:///private/var/folders/nz/j6p8yfhx1mv_0grj5xl4650h0000gp/T/abs_d2rtg2ejqc/croot/click_1744271604580/work
colorama==0.4.6
coloredlogs==15.0.1
comm @ file:///opt/miniconda3/conda-bld/comm_1763119153598/work
conda @ file:///opt/miniconda3/conda-bld/conda_1760457876773/work/conda-src
conda-anaconda-telemetry @ file:///croot/conda-anaconda-telemetry_1755883788794/work
conda-anaconda-tos @ file:///private/var/folders/nz/j6p8yfhx1mv_0grj5xl4650h0000gp/T/abs_ebkcs5yxh6/croot/conda-anaconda-tos_1755123330773/work
conda-content-trust @ file:///Users/builder/cbouss/perseverance-python-buildout/croot/conda-content-trust_1728603284288/work
conda-libmamba-solver @ file:///opt/miniconda3/conda-bld/conda-libmamba-solver_1761744809966/work/src
conda-package-handling @ file:///opt/miniconda3/conda-bld/conda-package-handling_1762366402479/work
conda_package_streaming @ file:///opt/miniconda3/conda-bld/conda-package-streaming_1762361629849/work
contourpy @ file:///private/var/folders/k1/30mswbxs7r1g6zwn8y4fyt500000gp/T/abs_2cvjf0v4ux/croot/contourpy_1732540055997/work
coverage==7.13.1
cryptography @ file:///opt/miniconda3/conda-bld/cryptography-split_1761931964095/work
cssselect==1.3.0
curl_cffi==0.13.0
cycler @ file:///tmp/build/80754af9/cycler_1637851556182/work
cyclonedx-python-lib==11.6.0
Cython==3.2.4
dataclass-factory==2.16
dateparser==1.2.2
debugpy @ file:///opt/miniconda3/conda-bld/debugpy_1762421637290/work
decorator @ file:///opt/miniconda3/conda-bld/decorator_1757341238163/work
deep-translator==1.11.4
deepface==0.0.98
defusedxml @ file:///tmp/build/80754af9/defusedxml_1615228127516/work
Deprecated==1.3.1
deprecation==2.1.0
distlib==0.4.0
distro @ file:///Users/builder/cbouss/perseverance-python-buildout/croot/distro_1728591855492/work
dnspython==2.8.0
easydict==1.13
edge-tts==7.2.7
executing @ file:///opt/miniconda3/conda-bld/executing_1757061235986/work
fake-useragent==2.2.0
Faker==40.1.0
fastjsonschema @ file:///Users/builder/cbouss/buildout/croot/python-fastjsonschema_1735857864215/work
feedparser==6.0.12
filelock==3.24.2
fire==0.7.1
Flask==3.1.2
flask-cors==6.0.2
flatbuffers==25.12.19
fonttools @ file:///opt/miniconda3/conda-bld/fonttools_1759754874393/work
fpdf2==2.8.5
frozendict @ file:///opt/miniconda3/conda-bld/frozendict_1761750665916/work
frozenlist==1.8.0
fsspec==2025.12.0
gast==0.7.0
gdown==5.2.1
ghp-import==2.1.0
gitdb==4.0.12
GitPython==3.1.46
google-ai-generativelanguage==0.6.15
google-api-core==2.28.1
google-api-python-client==2.187.0
google-auth==2.45.0
google-auth-httplib2==0.3.0
google-generativeai==0.8.6
google-pasta==0.2.0
googleapis-common-protos==1.72.0
GoogleNews==1.6.15
grpcio==1.76.0
grpcio-status==1.71.2
gunicorn==24.1.1
h11 @ file:///opt/miniconda3/conda-bld/h11_1761931258823/work
h2==4.3.0
h5py==3.15.1
hf-xet==1.2.0
hpack==4.1.0
httpcore @ file:///private/var/folders/nz/j6p8yfhx1mv_0grj5xl4650h0000gp/T/abs_941yf7p5zt/croot/httpcore_1748526061031/work
httplib2==0.31.0
httpx==0.26.0
huggingface-hub==0.36.0
humanfriendly==10.0
hyperframe==6.1.0
identify==2.6.16
idna @ file:///opt/miniconda3/conda-bld/idna_1761912005426/work
ImageIO==2.37.2
img2pdf==0.6.3
importlib_metadata==8.7.1
iniconfig==2.3.0
insightface==0.7.3
ipykernel @ file:///opt/miniconda3/conda-bld/ipykernel_1762946073576/work
ipython @ file:///opt/miniconda3/conda-bld/ipython_1762789298907/work
ipython_pygments_lexers @ file:///private/var/folders/k1/30mswbxs7r1g6zwn8y4fyt500000gp/T/abs_25fteymumy/croot/ipython_pygments_lexers_1744753256449/work
ipywidgets @ file:///opt/miniconda3/conda-bld/ipywidgets_1761560158484/work
itsdangerous==2.2.0
jaraco.classes @ file:///private/var/folders/nz/j6p8yfhx1mv_0grj5xl4650h0000gp/T/abs_97dr4u6nc1/croot/jaraco.classes_1755516335437/work
jaraco.context @ file:///Users/builder/cbouss/perseverance-python-buildout/croot/jaraco.context_1731716684676/work
jaraco.functools @ file:///private/var/folders/nz/j6p8yfhx1mv_0grj5xl4650h0000gp/T/abs_91zaq5_008/croot/jaraco.functools_1740408121405/work
jedi @ file:///private/var/folders/k1/30mswbxs7r1g6zwn8y4fyt500000gp/T/abs_38ctoinnl0/croot/jedi_1733987402850/work
Jinja2 @ file:///private/var/folders/k1/30mswbxs7r1g6zwn8y4fyt500000gp/T/abs_2cnn4kenrm/croot/jinja2_1741710859444/work
jiter==0.12.0
joblib @ file:///opt/miniconda3/conda-bld/joblib_1757926354564/work
json5 @ file:///Users/builder/cbouss/perseverance-python-buildout/croot/json5_1731707537217/work
jsonpatch @ file:///Users/builder/cbouss/perseverance-python-buildout/croot/jsonpatch_1728594556110/work
jsonpointer @ file:///private/var/folders/k1/30mswbxs7r1g6zwn8y4fyt500000gp/T/abs_bdid71leqg/croot/jsonpointer_1753788445166/work
jsonschema @ file:///opt/miniconda3/conda-bld/jsonschema_1762459085502/work
jsonschema-specifications @ file:///opt/miniconda3/conda-bld/jsonschema-specifications_1762788416562/work
jupyter @ file:///Users/builder/cbouss/buildout/croot/jupyter_1742577908394/work
jupyter-console @ file:///Users/builder/cbouss/buildout/croot/jupyter_console_1739485173236/work
jupyter-events @ file:///private/var/folders/nz/j6p8yfhx1mv_0grj5xl4650h0000gp/T/abs_93fqb7dsil/croot/jupyter_events_1741184594429/work
jupyter-lsp @ file:///private/var/folders/nz/j6p8yfhx1mv_0grj5xl4650h0000gp/T/abs_b2ljixsllb/croot/jupyter-lsp-meta_1745827035021/work
jupyter_client @ file:///opt/miniconda3/conda-bld/jupyter_client_1762943081725/work
jupyter_core @ file:///private/var/folders/k1/30mswbxs7r1g6zwn8y4fyt500000gp/T/abs_044bmfoejx/croot/jupyter_core_1751991384131/work
jupyter_server @ file:///private/var/folders/k1/30mswbxs7r1g6zwn8y4fyt500000gp/T/abs_d2sqp9h2v9/croot/jupyter_server_1751996627476/work
jupyter_server_terminals @ file:///private/var/folders/nz/j6p8yfhx1mv_0grj5xl4650h0000gp/T/abs_ealwktxf9e/croot/jupyter_server_terminals_1744706715282/work
jupyterlab @ file:///opt/miniconda3/conda-bld/jupyterlab_1758124834636/work
jupyterlab_pygments @ file:///private/var/folders/nz/j6p8yfhx1mv_0grj5xl4650h0000gp/T/abs_42uijy7nfe/croot/jupyterlab_pygments_1741124161488/work
jupyterlab_server @ file:///opt/miniconda3/conda-bld/jupyterlab_server_1761751422354/work
jupyterlab_widgets @ file:///private/var/folders/k1/30mswbxs7r1g6zwn8y4fyt500000gp/T/abs_93oukz0049/croot/jupyterlab_widgets_1752066565004/work
keras==3.13.0
keyring @ file:///private/var/folders/k1/30mswbxs7r1g6zwn8y4fyt500000gp/T/abs_be9at15ui5/croot/keyring_1745484704517/work
kiwisolver @ file:///private/var/folders/nz/j6p8yfhx1mv_0grj5xl4650h0000gp/T/abs_cc2l_z_0ri/croot/kiwisolver_1737039586949/work
lazy_loader==0.4
libclang==18.1.1
libmambapy @ file:///opt/miniconda3/conda-bld/mamba-split_1757622986409/work/libmambapy
librt==0.8.1
license-expression==30.4.4
lightdsa==0.0.3
lightecc==0.0.4
lightphe==0.0.20
loguru==0.7.2
lxml==6.0.2
lz4==4.4.5
Markdown==3.10
markdown-it-py @ file:///private/var/folders/k1/30mswbxs7r1g6zwn8y4fyt500000gp/T/abs_6av49xs_3l/croot/markdown-it-py_1756299201304/work
MarkupSafe @ file:///private/var/folders/nz/j6p8yfhx1mv_0grj5xl4650h0000gp/T/abs_1f_uj4vxik/croot/markupsafe_1738584045311/work
matplotlib==3.10.6
matplotlib-inline @ file:///opt/miniconda3/conda-bld/matplotlib-inline_1762779171616/work
mdurl @ file:///opt/miniconda3/conda-bld/mdurl_1758552175942/work
mediapipe==0.10.32
menuinst @ file:///opt/miniconda3/conda-bld/menuinst_1762860695894/work
mergedeep==1.3.4
mistune @ file:///private/var/folders/nz/j6p8yfhx1mv_0grj5xl4650h0000gp/T/abs_5be80wp982/croot/mistune_1741123981908/work
mkdocs==1.6.1
mkdocs-get-deps==0.2.0
mkdocs-material==9.7.1
mkdocs-material-extensions==1.3.1
ml_dtypes==0.5.4
mmh3==5.2.0
moexalgo==2.5.9
more-itertools @ file:///opt/miniconda3/conda-bld/more-itertools_1761121541654/work
mpmath==1.3.0
msgpack==1.1.2
mtcnn==1.0.0
multidict==6.7.0
multitasking==0.0.12
mypy==1.19.1
mypy_extensions==1.1.0
namex==0.1.0
narwhals==2.15.0
nbclient @ file:///private/var/folders/k1/30mswbxs7r1g6zwn8y4fyt500000gp/T/abs_67j3qubf1d/croot/nbclient_1741124021022/work
nbconvert @ file:///private/var/folders/k1/30mswbxs7r1g6zwn8y4fyt500000gp/T/abs_e4p9a3fnm6/croot/nbconvert-meta_1741184656667/work
nbformat @ file:///Users/builder/cbouss/perseverance-python-buildout/croot/nbformat_1728586010733/work
nest_asyncio @ file:///Users/builder/cbouss/perseverance-python-buildout/croot/nest-asyncio_1728588080290/work
networkx==3.6.1
nodeenv==1.10.0
notebook @ file:///private/var/folders/k1/30mswbxs7r1g6zwn8y4fyt500000gp/T/abs_4bc3elgf2f/croot/notebook_1756709310284/work
notebook_shim @ file:///private/var/folders/k1/30mswbxs7r1g6zwn8y4fyt500000gp/T/abs_ceoiz4k8qs/croot/notebook-shim_1741707775649/work
numexpr @ file:///opt/miniconda3/conda-bld/numexpr_1762165518100/work
numpy @ file:///opt/miniconda3/conda-bld/numpy_and_numpy_base_1762528497694/work/dist/numpy-2.3.4-cp313-cp313-macosx_12_0_arm64.whl#sha256=a9daea7daad33596300bf1254a1da424af58271c37681d5e3d86c5a6f76d7808
oauthlib==3.2.2
onnx==1.20.1
onnxruntime==1.23.2
openai==2.14.0
opencv-contrib-python==4.13.0.90
opencv-python==4.13.0.90
opencv-python-headless==4.13.0.90
opt_einsum==3.4.0
optree==0.18.0
orjson==3.11.7
overrides @ file:///opt/miniconda3/conda-bld/overrides_1762349088215/work
packageurl-python==0.17.6
packaging @ file:///opt/miniconda3/conda-bld/packaging_1761049079023/work
paginate==0.5.7
pandas @ file:///opt/miniconda3/conda-bld/pandas_1762332179809/work/dist/pandas-2.3.3-cp313-cp313-macosx_12_0_arm64.whl#sha256=e15ab5e76dfcac9817c2633549d6e4cb87e6a735ade38ff7afbfa488f280b9ba
pandocfilters @ file:///opt/miniconda3/conda-bld/pandocfilters_1756977615874/work
parse==1.20.2
parso @ file:///opt/miniconda3/conda-bld/parso_1762781703500/work
pathspec==1.0.3
peewee==3.18.3
pexpect @ file:///opt/miniconda3/conda-bld/pexpect_1762535936187/work
pikepdf==10.0.2
pillow @ file:///opt/miniconda3/conda-bld/pillow_1762528236820/work
pip-api==0.0.34
pip-requirements-parser==32.0.1
pip-tools==7.5.3
pip_audit==2.10.0
pkce @ file:///Users/builder/cbouss/perseverance-python-buildout/croot/pkce_1728592680499/work
platformdirs @ file:///opt/miniconda3/conda-bld/platformdirs_1762356666077/work
plotly==6.5.2
pluggy @ file:///private/var/folders/nz/j6p8yfhx1mv_0grj5xl4650h0000gp/T/abs_bei6q1cvvt/croot/pluggy_1733169621717/work
postgrest==2.27.0
pre_commit==4.5.1
prettytable==3.17.0
prometheus_client @ file:///private/var/folders/k1/30mswbxs7r1g6zwn8y4fyt500000gp/T/abs_26twdnhgbr/croot/prometheus_client_1744271763065/work
prompt_toolkit @ file:///opt/miniconda3/conda-bld/prompt-toolkit_1761744878191/work
propcache==0.4.1
proto-plus==1.27.0
protobuf==5.29.5
psutil @ file:///opt/miniconda3/conda-bld/psutil_1761896323233/work
psycopg2-binary==2.9.11
ptyprocess @ file:///opt/miniconda3/conda-bld/ptyprocess_1762424170819/work/dist/ptyprocess-0.7.0-py2.py3-none-any.whl#sha256=3470be7f810474c8a2ecfcd6e02acc6aea8483ab595417fa4e336362a349933e
pure_eval @ file:///opt/miniconda3/conda-bld/pure_eval_1757067068750/work
py-serializable==2.1.0
pyarrow==22.0.0
pyasn1==0.6.1
pyasn1_modules==0.4.2
pycosat @ file:///private/var/folders/nz/j6p8yfhx1mv_0grj5xl4650h0000gp/T/abs_61k1o_oje7/croot/pycosat_1736868429741/work
pycparser @ file:///opt/miniconda3/conda-bld/pycparser_1757496048647/work
pydantic @ file:///opt/miniconda3/conda-bld/pydantic_1762505197323/work
pydantic-settings==2.1.0
pydantic_core @ file:///opt/miniconda3/conda-bld/pydantic-core_1760597286482/work
pydeck==0.9.1
pydub==0.25.1
pyee==11.1.1
Pygments @ file:///opt/miniconda3/conda-bld/pygments_1762431584667/work
pygooglenews==0.1.3
pyiceberg==0.10.0
PyJWT @ file:///Users/builder/cbouss/buildout/croot/pyjwt_1739484683708/work
pymdown-extensions==10.20
pymongo==4.15.5
pyparsing @ file:///Users/builder/cbouss/buildout/croot/pyparsing_1735850351026/work
pypdf==6.7.0
pyppeteer==2.0.0
pyproject_hooks==1.2.0
pyquery==2.0.1
pyroaring==1.0.3
PySocks @ file:///opt/miniconda3/conda-bld/pysocks_1761753010927/work
pytest==7.4.4
pytest-asyncio==0.23.3
pytest-cov==7.0.0
python-dateutil @ file:///Users/builder/cbouss/perseverance-python-buildout/croot/python-dateutil_1728585579455/work
python-dotenv==1.0.0
python-json-logger @ file:///private/var/folders/k1/30mswbxs7r1g6zwn8y4fyt500000gp/T/abs_9bjmcmh4nm/croot/python-json-logger_1734370248301/work
python-telegram-bot==21.10
pytz==2023.3.post1
PyYAML @ file:///private/var/folders/nz/j6p8yfhx1mv_0grj5xl4650h0000gp/T/abs_e8m1aayrqt/croot/pyyaml_1731006115055/work
pyyaml_env_tag==1.1
pyzmq @ file:///opt/miniconda3/conda-bld/pyzmq_1762375585960/work
qrcode==8.2
qtconsole @ file:///opt/miniconda3/conda-bld/qtconsole_1758748642451/work
QtPy @ file:///opt/miniconda3/conda-bld/qtpy_1757531017002/work
readchar @ file:///opt/miniconda3/conda-bld/readchar_1760613300945/work
realtime==2.27.0
redis==7.3.0
referencing @ file:///opt/miniconda3/conda-bld/referencing_1762536885350/work
regex==2025.11.3
reportlab==4.4.9
requests @ file:///opt/miniconda3/conda-bld/requests_1762359592010/work
requests-html==0.10.0
requests-oauthlib==1.3.1
retina-face==0.0.17
rfc3339_validator @ file:///Users/builder/cbouss/perseverance-python-buildout/croot/rfc3339-validator_1731706731994/work
rfc3986_validator @ file:///Users/builder/cbouss/perseverance-python-buildout/croot/rfc3986-validator_1728586416230/work
rich @ file:///opt/miniconda3/conda-bld/rich_1760375480293/work
rpds-py @ file:///opt/miniconda3/conda-bld/rpds-py_1762366478835/work
rsa==4.9.1
ruamel.yaml @ file:///opt/miniconda3/conda-bld/ruamel.yaml_1762535951282/work
ruamel.yaml.clib @ file:///opt/miniconda3/conda-bld/ruamel.yaml.clib_1762530070208/work
ruff==0.15.1
safetensors==0.7.0
scikit-image==0.26.0
scikit-learn @ file:///opt/miniconda3/conda-bld/scikit-learn_1758620844345/work
scipy @ file:///opt/miniconda3/conda-bld/scipy_1762194748151/work/dist/scipy-1.16.3-cp313-cp313-macosx_12_0_arm64.whl#sha256=3b04b7058e0eaf4429c87ae07f579c05c0eede9297525893d9a04959c82a4908
seaborn @ file:///private/var/folders/nz/j6p8yfhx1mv_0grj5xl4650h0000gp/T/abs_74n8m1zz4r/croot/seaborn_1749110344248/work
semver @ file:///opt/miniconda3/conda-bld/semver_1761903026306/work
Send2Trash @ file:///private/var/folders/k1/30mswbxs7r1g6zwn8y4fyt500000gp/T/abs_a6shz7yg5h/croot/send2trash_1736541353497/work
setuptools==80.9.0
sgmllib3k==1.0.0
shazamio==0.8.1
shazamio_core==1.1.2
shellingham @ file:///opt/miniconda3/conda-bld/shellingham_1761912204150/work
simsimd==6.5.12
six @ file:///private/var/folders/k1/30mswbxs7r1g6zwn8y4fyt500000gp/T/abs_03myqm7p6o/croot/six_1744271511946/work
smmap==5.0.2
sniffio @ file:///Users/builder/cbouss/perseverance-python-buildout/croot/sniffio_1728586434087/work
sortedcontainers==2.4.0
sounddevice==0.5.5
soupsieve @ file:///Users/builder/cbouss/perseverance-python-buildout/croot/soupsieve_1728586120162/work
SQLAlchemy==2.0.25
stack_data @ file:///opt/miniconda3/conda-bld/stack_data_1757067040463/work
storage3==2.27.0
streamlit==1.53.0
StrEnum==0.4.15
strictyaml==1.7.3
stringzilla==4.6.0
supabase==2.27.0
supabase-auth==2.27.0
supabase-functions==2.27.0
sympy==1.14.0
ta==0.11.0
tabulate==0.9.0
tenacity==8.2.3
tensorboard==2.20.0
tensorboard-data-server==0.7.2
tensorflow==2.20.0
termcolor==3.3.0
terminado @ file:///opt/miniconda3/conda-bld/terminado_1757934724536/work
threadpoolctl @ file:///private/var/folders/nz/j6p8yfhx1mv_0grj5xl4650h0000gp/T/abs_18rgexrkuo/croot/threadpoolctl_1731006101562/work
tifffile==2026.1.14
tinycss2 @ file:///Users/builder/cbouss/buildout/croot/tinycss2_1739483860002/work
tokenizers==0.22.1
toml==0.10.2
tomli @ file:///private/var/folders/k1/30mswbxs7r1g6zwn8y4fyt500000gp/T/abs_03b1up8uh3/croot/tomli_1753774598375/work
tomli_w==1.2.0
torch==2.9.1
tornado @ file:///private/var/folders/k1/30mswbxs7r1g6zwn8y4fyt500000gp/T/abs_63s3osc0_1/croot/tornado_1748956943583/work
tqdm @ file:///opt/miniconda3/conda-bld/tqdm_1762863348900/work
trade-gap-analyzer @ file:///Users/kagansmtdms/Downloads/%D0%BF%D1%80%D0%BE%D0%B5%D0%BA%D1%82%D1%8B/trade_gap_analyzer-main
traitlets @ file:///Users/builder/cbouss/perseverance-python-buildout/croot/traitlets_1728585482264/work
transformers==4.57.3
truststore @ file:///opt/miniconda3/conda-bld/truststore_1762520923820/work
tweepy==4.14.0
typer @ file:///opt/miniconda3/conda-bld/typer_1757580868385/work
types-PyYAML==6.0.12.20250915
types-requests==2.32.4.20260107
typing-inspection @ file:///opt/miniconda3/conda-bld/typing-inspection_1760614169744/work
typing_extensions @ file:///private/var/folders/k1/30mswbxs7r1g6zwn8y4fyt500000gp/T/abs_dffmcwqo6o/croot/typing_extensions_1756281471323/work
tzdata @ file:///croot/python-tzdata_1746123641790/work
tzlocal==5.3.1
uritemplate==4.2.0
urllib3==2.6.3
vaderSentiment==3.3.2
virtualenv==20.37.0
w3lib==2.3.1
watchdog==6.0.0
wcwidth @ file:///private/var/folders/k1/30mswbxs7r1g6zwn8y4fyt500000gp/T/abs_8el7txr34i/croot/wcwidth_1750352901095/work
webencodings @ file:///Users/builder/cbouss/perseverance-python-buildout/croot/webencodings_1728586135895/work
websocket-client @ file:///Users/builder/cbouss/perseverance-python-buildout/croot/websocket-client_1728587380721/work
websockets==15.0.1
Werkzeug==3.1.4
wheel==0.45.1
widgetsnbextension @ file:///opt/miniconda3/conda-bld/widgetsnbextension_1761556739997/work
wrapt==2.0.1
xgboost==3.1.2
yahoo-fin==0.8.9.1
yarl==1.22.0
yfinance==0.2.66
yt-dlp==2025.12.8
zipp==3.23.0
zstandard @ file:///opt/miniconda3/conda-bld/zstandard_1758189078532/work
